
Microsoft Visual Studio Solution File, Format Version 12.00
# Visual Studio Version 16
VisualStudioVersion = 16.0.33927.289
MinimumVisualStudioVersion = 10.0.40219.1
Project("{FAE04EC0-301F-11D3-BF4B-00C04F79EFBC}") = "formapis", "formapis\formapis.csproj", "{151008D4-173F-4DA2-8F03-46E4BC8D285A}"
EndProject
Project("{FAE04EC0-301F-11D3-BF4B-00C04F79EFBC}") = "levesek_database_conn", "levesek_database_conn\levesek_database_conn.csproj", "{EDD50A9C-EC56-4BCF-9030-FF32F9E88399}"
EndProject
Project("{FAE04EC0-301F-11D3-BF4B-00C04F79EFBC}") = "insert_leves", "insert_leves\insert_leves.csproj", "{0FA965EA-1434-4AEE-BF76-9D5534C2BEA2}"
EndProject
Global
	GlobalSection(SolutionConfigurationPlatforms) = preSolution
		Debug|Any CPU = Debug|Any CPU
		Release|Any CPU = Release|Any CPU
	EndGlobalSection
	GlobalSection(ProjectConfigurationPlatforms) = postSolution
		{151008D4-173F-4DA2-8F03-46E4BC8D285A}.Debug|Any CPU.ActiveCfg = Debug|Any CPU
		{151008D4-173F-4DA2-8F03-46E4BC8D285A}.Debug|Any CPU.Build.0 = Debug|Any CPU
		{151008D4-173F-4DA2-8F03-46E4BC8D285A}.Release|Any CPU.ActiveCfg = Release|Any CPU
		{151008D4-173F-4DA2-8F03-46E4BC8D285A}.Release|Any CPU.Build.0 = Release|Any CPU
		{EDD50A9C-EC56-4BCF-9030-FF32F9E88399}.Debug|Any CPU.ActiveCfg = Debug|Any CPU
		{EDD50A9C-EC56-4BCF-9030-FF32F9E88399}.Debug|Any CPU.Build.0 = Debug|Any CPU
		{EDD50A9C-EC56-4BCF-9030-FF32F9E88399}.Release|Any CPU.ActiveCfg = Release|Any CPU
		{EDD50A9C-EC56-4BCF-9030-FF32F9E88399}.Release|Any CPU.Build.0 = Release|Any CPU
		{0FA965EA-1434-4AEE-BF76-9D5534C2BEA2}.Debug|Any CPU.ActiveCfg = Debug|Any CPU
		{0FA965EA-1434-4AEE-BF76-9D5534C2BEA2}.Debug|Any CPU.Build.0 = Debug|Any CPU
		{0FA965EA-1434-4AEE-BF76-9D5534C2BEA2}.Release|Any CPU.ActiveCfg = Release|Any CPU
		{0FA965EA-1434-4AEE-BF76-9D5534C2BEA2}.Release|Any CPU.Build.0 = Release|Any CPU
	EndGlobalSection
	GlobalSection(SolutionProperties) = preSolution
		HideSolutionNode = FALSE
	EndGlobalSection
	GlobalSection(ExtensibilityGlobals) = postSolution
		SolutionGuid = {000A39C8-5079-4442-B9D7-8C8F2BD07021}
	EndGlobalSection
EndGlobal
